
Microsoft Visual Studio Solution File, Format Version 12.00
# Visual Studio 14
VisualStudioVersion = 14.0.23107.0
MinimumVisualStudioVersion = 10.0.40219.1
Project("{FAE04EC0-301F-11D3-BF4B-00C04F79EFBC}") = "DVLD", "DVLD\DVLD.csproj", "{1E653000-3CCE-408D-AD15-18678CEB184C}"
EndProject
Project("{FAE04EC0-301F-11D3-BF4B-00C04F79EFBC}") = "DVLD Business Layer", "DVLD Business Layer\DVLD Business Layer.csproj", "{9C269671-CE93-4792-8188-91DDE7F730AE}"
EndProject
Project("{FAE04EC0-301F-11D3-BF4B-00C04F79EFBC}") = "DVLD Data Access Layer", "DVLD Data Access Layer\DVLD Data Access Layer.csproj", "{61D4F7E2-88BC-4F68-B119-C1E9752AF47A}"
EndProject
Global
	GlobalSection(SolutionConfigurationPlatforms) = preSolution
		Debug|Any CPU = Debug|Any CPU
		Release|Any CPU = Release|Any CPU
	EndGlobalSection
	GlobalSection(ProjectConfigurationPlatforms) = postSolution
		{1E653000-3CCE-408D-AD15-18678CEB184C}.Debug|Any CPU.ActiveCfg = Debug|Any CPU
		{1E653000-3CCE-408D-AD15-18678CEB184C}.Debug|Any CPU.Build.0 = Debug|Any CPU
		{1E653000-3CCE-408D-AD15-18678CEB184C}.Release|Any CPU.ActiveCfg = Release|Any CPU
		{1E653000-3CCE-408D-AD15-18678CEB184C}.Release|Any CPU.Build.0 = Release|Any CPU
		{9C269671-CE93-4792-8188-91DDE7F730AE}.Debug|Any CPU.ActiveCfg = Debug|Any CPU
		{9C269671-CE93-4792-8188-91DDE7F730AE}.Debug|Any CPU.Build.0 = Debug|Any CPU
		{9C269671-CE93-4792-8188-91DDE7F730AE}.Release|Any CPU.ActiveCfg = Release|Any CPU
		{9C269671-CE93-4792-8188-91DDE7F730AE}.Release|Any CPU.Build.0 = Release|Any CPU
		{61D4F7E2-88BC-4F68-B119-C1E9752AF47A}.Debug|Any CPU.ActiveCfg = Debug|Any CPU
		{61D4F7E2-88BC-4F68-B119-C1E9752AF47A}.Debug|Any CPU.Build.0 = Debug|Any CPU
		{61D4F7E2-88BC-4F68-B119-C1E9752AF47A}.Release|Any CPU.ActiveCfg = Release|Any CPU
		{61D4F7E2-88BC-4F68-B119-C1E9752AF47A}.Release|Any CPU.Build.0 = Release|Any CPU
	EndGlobalSection
	GlobalSection(SolutionProperties) = preSolution
		HideSolutionNode = FALSE
	EndGlobalSection
EndGlobal
